// !$*UTF8*$!
{
	archiveVersion = 1;
	classes = {
	};
	objectVersion = 77;
	objects = {

/* Begin PBXBuildFile section */
		64848D672F02FCB00083A5FA /* FirebaseAI in Frameworks */ = {isa = PBXBuildFile; productRef = 64848D662F02FCB00083A5FA /* FirebaseAI */; };
		64848D692F02FCB00083A5FA /* FirebaseAILogic in Frameworks */ = {isa = PBXBuildFile; productRef = 64848D682F02FCB00083A5FA /* FirebaseAILogic */; };
		64848D6B2F02FCB00083A5FA /* FirebaseAnalytics in Frameworks */ = {isa = PBXBuildFile; productRef = 64848D6A2F02FCB00083A5FA /* FirebaseAnalytics */; };
		64848D6D2F02FCB00083A5FA /* FirebaseAnalyticsCore in Frameworks */ = {isa = PBXBuildFile; productRef = 64848D6C2F02FCB00083A5FA /* FirebaseAnalyticsCore */; };
		64848D6F2F02FCB00083A5FA /* FirebaseAnalyticsIdentitySupport in Frameworks */ = {isa = PBXBuildFile; productRef = 64848D6E2F02FCB00083A5FA /* FirebaseAnalyticsIdentitySupport */; };
		64848D712F02FCB00083A5FA /* FirebaseAppCheck in Frameworks */ = {isa = PBXBuildFile; productRef = 64848D702F02FCB00083A5FA /* FirebaseAppCheck */; };
		64848D732F02FCB00083A5FA /* FirebaseAppDistribution-Beta in Frameworks */ = {isa = PBXBuildFile; productRef = 64848D722F02FCB00083A5FA /* FirebaseAppDistribution-Beta */; };
		64848D752F02FCB10083A5FA /* FirebaseAuth in Frameworks */ = {isa = PBXBuildFile; productRef = 64848D742F02FCB10083A5FA /* FirebaseAuth */; };
		64848D772F02FCB10083A5FA /* FirebaseAuthCombine-Community in Frameworks */ = {isa = PBXBuildFile; productRef = 64848D762F02FCB10083A5FA /* FirebaseAuthCombine-Community */; };
		64848D792F02FCB10083A5FA /* FirebaseCore in Frameworks */ = {isa = PBXBuildFile; productRef = 64848D782F02FCB10083A5FA /* FirebaseCore */; };
		64848D7B2F02FCB10083A5FA /* FirebaseCrashlytics in Frameworks */ = {isa = PBXBuildFile; productRef = 64848D7A2F02FCB10083A5FA /* FirebaseCrashlytics */; };
		64848D7D2F02FCB10083A5FA /* FirebaseDatabase in Frameworks */ = {isa = PBXBuildFile; productRef = 64848D7C2F02FCB10083A5FA /* FirebaseDatabase */; };
		64848D7F2F02FCB10083A5FA /* FirebaseFirestore in Frameworks */ = {isa = PBXBuildFile; productRef = 64848D7E2F02FCB10083A5FA /* FirebaseFirestore */; };
		64848D812F02FCB10083A5FA /* FirebaseFirestoreCombine-Community in Frameworks */ = {isa = PBXBuildFile; productRef = 64848D802F02FCB10083A5FA /* FirebaseFirestoreCombine-Community */; };
		64848D832F02FCB10083A5FA /* FirebaseFunctions in Frameworks */ = {isa = PBXBuildFile; productRef = 64848D822F02FCB10083A5FA /* FirebaseFunctions */; };
		64848D852F02FCB10083A5FA /* FirebaseFunctionsCombine-Community in Frameworks */ = {isa = PBXBuildFile; productRef = 64848D842F02FCB10083A5FA /* FirebaseFunctionsCombine-Community */; };
		64848D872F02FCB10083A5FA /* FirebaseInAppMessaging-Beta in Frameworks */ = {isa = PBXBuildFile; productRef = 64848D862F02FCB10083A5FA /* FirebaseInAppMessaging-Beta */; };
		64848D892F02FCB10083A5FA /* FirebaseInstallations in Frameworks */ = {isa = PBXBuildFile; productRef = 64848D882F02FCB10083A5FA /* FirebaseInstallations */; };
		64848D8B2F02FCB10083A5FA /* FirebaseMessaging in Frameworks */ = {isa = PBXBuildFile; productRef = 64848D8A2F02FCB10083A5FA /* FirebaseMessaging */; };
		64848D8D2F02FCB10083A5FA /* FirebaseMLModelDownloader in Frameworks */ = {isa = PBXBuildFile; productRef = 64848D8C2F02FCB10083A5FA /* FirebaseMLModelDownloader */; };
		64848D8F2F02FCB10083A5FA /* FirebasePerformance in Frameworks */ = {isa = PBXBuildFile; productRef = 64848D8E2F02FCB10083A5FA /* FirebasePerformance */; };
		64848D912F02FCB10083A5FA /* FirebaseRemoteConfig in Frameworks */ = {isa = PBXBuildFile; productRef = 64848D902F02FCB10083A5FA /* FirebaseRemoteConfig */; };
		64848D932F02FCB10083A5FA /* FirebaseStorage in Frameworks */ = {isa = PBXBuildFile; productRef = 64848D922F02FCB10083A5FA /* FirebaseStorage */; };
		64848D952F02FCB10083A5FA /* FirebaseStorageCombine-Community in Frameworks */ = {isa = PBXBuildFile; productRef = 64848D942F02FCB10083A5FA /* FirebaseStorageCombine-Community */; };
/* End PBXBuildFile section */

/* Begin PBXContainerItemProxy section */
		6445A8602EE4A952002BBEBE /* PBXContainerItemProxy */ = {
			isa = PBXContainerItemProxy;
			containerPortal = 6445A84A2EE4A94E002BBEBE /* Project object */;
			proxyType = 1;
			remoteGlobalIDString = 6445A8512EE4A94F002BBEBE;
			remoteInfo = KiddoPlay;
		};
		6445A86A2EE4A952002BBEBE /* PBXContainerItemProxy */ = {
			isa = PBXContainerItemProxy;
			containerPortal = 6445A84A2EE4A94E002BBEBE /* Project object */;
			proxyType = 1;
			remoteGlobalIDString = 6445A8512EE4A94F002BBEBE;
			remoteInfo = KiddoPlay;
		};
/* End PBXContainerItemProxy section */

/* Begin PBXFileReference section */
		6445A8522EE4A94F002BBEBE /* KiddoPlay.app */ = {isa = PBXFileReference; explicitFileType = wrapper.application; includeInIndex = 0; path = KiddoPlay.app; sourceTree = BUILT_PRODUCTS_DIR; };
		6445A85F2EE4A952002BBEBE /* KiddoPlayTests.xctest */ = {isa = PBXFileReference; explicitFileType = wrapper.cfbundle; includeInIndex = 0; path = KiddoPlayTests.xctest; sourceTree = BUILT_PRODUCTS_DIR; };
		6445A8692EE4A952002BBEBE /* KiddoPlayUITests.xctest */ = {isa = PBXFileReference; explicitFileType = wrapper.cfbundle; includeInIndex = 0; path = KiddoPlayUITests.xctest; sourceTree = BUILT_PRODUCTS_DIR; };
/* End PBXFileReference section */

/* Begin PBXFileSystemSynchronizedRootGroup section */
		6445A8542EE4A94F002BBEBE /* KiddoPlay */ = {
			isa = PBXFileSystemSynchronizedRootGroup;
			path = KiddoPlay;
			sourceTree = "<group>";
		};
		6445A8622EE4A952002BBEBE /* KiddoPlayTests */ = {
			isa = PBXFileSystemSynchronizedRootGroup;
			path = KiddoPlayTests;
			sourceTree = "<group>";
		};
		6445A86C2EE4A952002BBEBE /* KiddoPlayUITests */ = {
			isa = PBXFileSystemSynchronizedRootGroup;
			path = KiddoPlayUITests;
			sourceTree = "<group>";
		};
/* End PBXFileSystemSynchronizedRootGroup section */

/* Begin PBXFrameworksBuildPhase section */
		6445A84F2EE4A94F002BBEBE /* Frameworks */ = {
			isa = PBXFrameworksBuildPhase;
			buildActionMask = 2147483647;
			files = (
				64848D732F02FCB00083A5FA /* FirebaseAppDistribution-Beta in Frameworks */,
				64848D7F2F02FCB10083A5FA /* FirebaseFirestore in Frameworks */,
				64848D772F02FCB10083A5FA /* FirebaseAuthCombine-Community in Frameworks */,
				64848D892F02FCB10083A5FA /* FirebaseInstallations in Frameworks */,
				64848D692F02FCB00083A5FA /* FirebaseAILogic in Frameworks */,
				64848D6F2F02FCB00083A5FA /* FirebaseAnalyticsIdentitySupport in Frameworks */,
				64848D872F02FCB10083A5FA /* FirebaseInAppMessaging-Beta in Frameworks */,
				64848D8D2F02FCB10083A5FA /* FirebaseMLModelDownloader in Frameworks */,
				64848D672F02FCB00083A5FA /* FirebaseAI in Frameworks */,
				64848D8B2F02FCB10083A5FA /* FirebaseMessaging in Frameworks */,
				64848D952F02FCB10083A5FA /* FirebaseStorageCombine-Community in Frameworks */,
				64848D7B2F02FCB10083A5FA /* FirebaseCrashlytics in Frameworks */,
				64848D932F02FCB10083A5FA /* FirebaseStorage in Frameworks */,
				64848D912F02FCB10083A5FA /* FirebaseRemoteConfig in Frameworks */,
				64848D852F02FCB10083A5FA /* FirebaseFunctionsCombine-Community in Frameworks */,
				64848D7D2F02FCB10083A5FA /* FirebaseDatabase in Frameworks */,
				64848D6B2F02FCB00083A5FA /* FirebaseAnalytics in Frameworks */,
				64848D8F2F02FCB10083A5FA /* FirebasePerformance in Frameworks */,
				64848D792F02FCB10083A5FA /* FirebaseCore in Frameworks */,
				64848D712F02FCB00083A5FA /* FirebaseAppCheck in Frameworks */,
				64848D6D2F02FCB00083A5FA /* FirebaseAnalyticsCore in Frameworks */,
				64848D832F02FCB10083A5FA /* FirebaseFunctions in Frameworks */,
				64848D752F02FCB10083A5FA /* FirebaseAuth in Frameworks */,
				64848D812F02FCB10083A5FA /* FirebaseFirestoreCombine-Community in Frameworks */,
			);
			runOnlyForDeploymentPostprocessing = 0;
		};
		6445A85C2EE4A952002BBEBE /* Frameworks */ = {
			isa = PBXFrameworksBuildPhase;
			buildActionMask = 2147483647;
			files = (
			);
			runOnlyForDeploymentPostprocessing = 0;
		};
		6445A8662EE4A952002BBEBE /* Frameworks */ = {
			isa = PBXFrameworksBuildPhase;
			buildActionMask = 2147483647;
			files = (
			);
			runOnlyForDeploymentPostprocessing = 0;
		};
/* End PBXFrameworksBuildPhase section */

/* Begin PBXGroup section */
		6445A8492EE4A94E002BBEBE = {
			isa = PBXGroup;
			children = (
				6445A8542EE4A94F002BBEBE /* KiddoPlay */,
				6445A8622EE4A952002BBEBE /* KiddoPlayTests */,
				6445A86C2EE4A952002BBEBE /* KiddoPlayUITests */,
				64848D552F02FC580083A5FA /* Frameworks */,
				6445A8532EE4A94F002BBEBE /* Products */,
			);
			sourceTree = "<group>";
		};
		6445A8532EE4A94F002BBEBE /* Products */ = {
			isa = PBXGroup;
			children = (
				6445A8522EE4A94F002BBEBE /* KiddoPlay.app */,
				6445A85F2EE4A952002BBEBE /* KiddoPlayTests.xctest */,
				6445A8692EE4A952002BBEBE /* KiddoPlayUITests.xctest */,
			);
			name = Products;
			sourceTree = "<group>";
		};
		64848D552F02FC580083A5FA /* Frameworks */ = {
			isa = PBXGroup;
			children = (
			);
			name = Frameworks;
			sourceTree = "<group>";
		};
/* End PBXGroup section */

/* Begin PBXNativeTarget section */
		6445A8512EE4A94F002BBEBE /* KiddoPlay */ = {
			isa = PBXNativeTarget;
			buildConfigurationList = 6445A8732EE4A953002BBEBE /* Build configuration list for PBXNativeTarget "KiddoPlay" */;
			buildPhases = (
				6445A84E2EE4A94F002BBEBE /* Sources */,
				6445A84F2EE4A94F002BBEBE /* Frameworks */,
				6445A8502EE4A94F002BBEBE /* Resources */,
			);
			buildRules = (
			);
			dependencies = (
			);
			fileSystemSynchronizedGroups = (
				6445A8542EE4A94F002BBEBE /* KiddoPlay */,
			);
			name = KiddoPlay;
			productName = KiddoPlay;
			productReference = 6445A8522EE4A94F002BBEBE /* KiddoPlay.app */;
			productType = "com.apple.product-type.application";
		};
		6445A85E2EE4A952002BBEBE /* KiddoPlayTests */ = {
			isa = PBXNativeTarget;
			buildConfigurationList = 6445A8762EE4A953002BBEBE /* Build configuration list for PBXNativeTarget "KiddoPlayTests" */;
			buildPhases = (
				8E01F8DEA6EC261A55C21A38 /* [CP] Check Pods Manifest.lock */,
				6445A85B2EE4A952002BBEBE /* Sources */,
				6445A85C2EE4A952002BBEBE /* Frameworks */,
				6445A85D2EE4A952002BBEBE /* Resources */,
			);
			buildRules = (
			);
			dependencies = (
				6445A8612EE4A952002BBEBE /* PBXTargetDependency */,
			);
			fileSystemSynchronizedGroups = (
				6445A8622EE4A952002BBEBE /* KiddoPlayTests */,
			);
			name = KiddoPlayTests;
			productName = KiddoPlayTests;
			productReference = 6445A85F2EE4A952002BBEBE /* KiddoPlayTests.xctest */;
			productType = "com.apple.product-type.bundle.unit-test";
		};
		6445A8682EE4A952002BBEBE /* KiddoPlayUITests */ = {
			isa = PBXNativeTarget;
			buildConfigurationList = 6445A8792EE4A953002BBEBE /* Build configuration list for PBXNativeTarget "KiddoPlayUITests" */;
			buildPhases = (
				93AA448635FD442DAE1FEE04 /* [CP] Check Pods Manifest.lock */,
				6445A8652EE4A952002BBEBE /* Sources */,
				6445A8662EE4A952002BBEBE /* Frameworks */,
				6445A8672EE4A952002BBEBE /* Resources */,
				BC1791F4C1F0AC17176262D0 /* [CP] Embed Pods Frameworks */,
			);
			buildRules = (
			);
			dependencies = (
				6445A86B2EE4A952002BBEBE /* PBXTargetDependency */,
			);
			fileSystemSynchronizedGroups = (
				6445A86C2EE4A952002BBEBE /* KiddoPlayUITests */,
			);
			name = KiddoPlayUITests;
			productName = KiddoPlayUITests;
			productReference = 6445A8692EE4A952002BBEBE /* KiddoPlayUITests.xctest */;
			productType = "com.apple.product-type.bundle.ui-testing";
		};
/* End PBXNativeTarget section */

/* Begin PBXProject section */
		6445A84A2EE4A94E002BBEBE /* Project object */ = {
			isa = PBXProject;
			attributes = {
				BuildIndependentTargetsInParallel = 1;
				LastSwiftUpdateCheck = 2610;
				LastUpgradeCheck = 2610;
				TargetAttributes = {
					6445A8512EE4A94F002BBEBE = {
						CreatedOnToolsVersion = 26.1;
					};
					6445A85E2EE4A952002BBEBE = {
						CreatedOnToolsVersion = 26.1;
						TestTargetID = 6445A8512EE4A94F002BBEBE;
					};
					6445A8682EE4A952002BBEBE = {
						CreatedOnToolsVersion = 26.1;
						TestTargetID = 6445A8512EE4A94F002BBEBE;
					};
				};
			};
			buildConfigurationList = 6445A84D2EE4A94E002BBEBE /* Build configuration list for PBXProject "KiddoPlay" */;
			developmentRegion = en;
			hasScannedForEncodings = 0;
			knownRegions = (
				en,
				Base,
			);
			mainGroup = 6445A8492EE4A94E002BBEBE;
			minimizedProjectReferenceProxies = 1;
			packageReferences = (
				64848D2A2F02DEC00083A5FA /* XCRemoteSwiftPackageReference "firebase-ios-sdk" */,
			);
			preferredProjectObjectVersion = 77;
			productRefGroup = 6445A8532EE4A94F002BBEBE /* Products */;
			projectDirPath = "";
			projectRoot = "";
			targets = (
				6445A8512EE4A94F002BBEBE /* KiddoPlay */,
				6445A85E2EE4A952002BBEBE /* KiddoPlayTests */,
				6445A8682EE4A952002BBEBE /* KiddoPlayUITests */,
			);
		};
/* End PBXProject section */

/* Begin PBXResourcesBuildPhase section */
		6445A8502EE4A94F002BBEBE /* Resources */ = {
			isa = PBXResourcesBuildPhase;
			buildActionMask = 2147483647;
			files = (
			);
			runOnlyForDeploymentPostprocessing = 0;
		};
		6445A85D2EE4A952002BBEBE /* Resources */ = {
			isa = PBXResourcesBuildPhase;
			buildActionMask = 2147483647;
			files = (
			);
			runOnlyForDeploymentPostprocessing = 0;
		};
		6445A8672EE4A952002BBEBE /* Resources */ = {
			isa = PBXResourcesBuildPhase;
			buildActionMask = 2147483647;
			files = (
			);
			runOnlyForDeploymentPostprocessing = 0;
		};
/* End PBXResourcesBuildPhase section */

/* Begin PBXShellScriptBuildPhase section */
		8E01F8DEA6EC261A55C21A38 /* [CP] Check Pods Manifest.lock */ = {
			isa = PBXShellScriptBuildPhase;
			buildActionMask = 2147483647;
			files = (
			);
			inputFileListPaths = (
			);
			inputPaths = (
				"${PODS_PODFILE_DIR_PATH}/Podfile.lock",
				"${PODS_ROOT}/Manifest.lock",
			);
			name = "[CP] Check Pods Manifest.lock";
			outputFileListPaths = (
			);
			outputPaths = (
				"$(DERIVED_FILE_DIR)/Pods-KiddoPlayTests-checkManifestLockResult.txt",
			);
			runOnlyForDeploymentPostprocessing = 0;
			shellPath = /bin/sh;
			shellScript = "diff \"${PODS_PODFILE_DIR_PATH}/Podfile.lock\" \"${PODS_ROOT}/Manifest.lock\" > /dev/null\nif [ $? != 0 ] ; then\n    # print error to STDERR\n    echo \"error: The sandbox is not in sync with the Podfile.lock. Run 'pod install' or update your CocoaPods installation.\" >&2\n    exit 1\nfi\n# This output is used by Xcode 'outputs' to avoid re-running this script phase.\necho \"SUCCESS\" > \"${SCRIPT_OUTPUT_FILE_0}\"\n";
			showEnvVarsInLog = 0;
		};
		93AA448635FD442DAE1FEE04 /* [CP] Check Pods Manifest.lock */ = {
			isa = PBXShellScriptBuildPhase;
			buildActionMask = 2147483647;
			files = (
			);
			inputFileListPaths = (
			);
			inputPaths = (
				"${PODS_PODFILE_DIR_PATH}/Podfile.lock",
				"${PODS_ROOT}/Manifest.lock",
			);
			name = "[CP] Check Pods Manifest.lock";
			outputFileListPaths = (
			);
			outputPaths = (
				"$(DERIVED_FILE_DIR)/Pods-KiddoPlay-KiddoPlayUITests-checkManifestLockResult.txt",
			);
			runOnlyForDeploymentPostprocessing = 0;
			shellPath = /bin/sh;
			shellScript = "diff \"${PODS_PODFILE_DIR_PATH}/Podfile.lock\" \"${PODS_ROOT}/Manifest.lock\" > /dev/null\nif [ $? != 0 ] ; then\n    # print error to STDERR\n    echo \"error: The sandbox is not in sync with the Podfile.lock. Run 'pod install' or update your CocoaPods installation.\" >&2\n    exit 1\nfi\n# This output is used by Xcode 'outputs' to avoid re-running this script phase.\necho \"SUCCESS\" > \"${SCRIPT_OUTPUT_FILE_0}\"\n";
			showEnvVarsInLog = 0;
		};
		BC1791F4C1F0AC17176262D0 /* [CP] Embed Pods Frameworks */ = {
			isa = PBXShellScriptBuildPhase;
			buildActionMask = 2147483647;
			files = (
			);
			inputFileListPaths = (
				"${PODS_ROOT}/Target Support Files/Pods-KiddoPlay-KiddoPlayUITests/Pods-KiddoPlay-KiddoPlayUITests-frameworks-${CONFIGURATION}-input-files.xcfilelist",
			);
			inputPaths = (
			);
			name = "[CP] Embed Pods Frameworks";
			outputFileListPaths = (
				"${PODS_ROOT}/Target Support Files/Pods-KiddoPlay-KiddoPlayUITests/Pods-KiddoPlay-KiddoPlayUITests-frameworks-${CONFIGURATION}-output-files.xcfilelist",
			);
			outputPaths = (
			);
			runOnlyForDeploymentPostprocessing = 0;
			shellPath = /bin/sh;
			shellScript = "\"${PODS_ROOT}/Target Support Files/Pods-KiddoPlay-KiddoPlayUITests/Pods-KiddoPlay-KiddoPlayUITests-frameworks.sh\"\n";
			showEnvVarsInLog = 0;
		};
/* End PBXShellScriptBuildPhase section */

/* Begin PBXSourcesBuildPhase section */
		6445A84E2EE4A94F002BBEBE /* Sources */ = {
			isa = PBXSourcesBuildPhase;
			buildActionMask = 2147483647;
			files = (
			);
			runOnlyForDeploymentPostprocessing = 0;
		};
		6445A85B2EE4A952002BBEBE /* Sources */ = {
			isa = PBXSourcesBuildPhase;
			buildActionMask = 2147483647;
			files = (
			);
			runOnlyForDeploymentPostprocessing = 0;
		};
		6445A8652EE4A952002BBEBE /* Sources */ = {
			isa = PBXSourcesBuildPhase;
			buildActionMask = 2147483647;
			files = (
			);
			runOnlyForDeploymentPostprocessing = 0;
		};
/* End PBXSourcesBuildPhase section */

/* Begin PBXTargetDependency section */
		6445A8612EE4A952002BBEBE /* PBXTargetDependency */ = {
			isa = PBXTargetDependency;
			target = 6445A8512EE4A94F002BBEBE /* KiddoPlay */;
			targetProxy = 6445A8602EE4A952002BBEBE /* PBXContainerItemProxy */;
		};
		6445A86B2EE4A952002BBEBE /* PBXTargetDependency */ = {
			isa = PBXTargetDependency;
			target = 6445A8512EE4A94F002BBEBE /* KiddoPlay */;
			targetProxy = 6445A86A2EE4A952002BBEBE /* PBXContainerItemProxy */;
		};
/* End PBXTargetDependency section */

/* Begin XCBuildConfiguration section */
		6445A8712EE4A952002BBEBE /* Debug */ = {
			isa = XCBuildConfiguration;
			buildSettings = {
				ALWAYS_SEARCH_USER_PATHS = NO;
				ASSETCATALOG_COMPILER_GENERATE_SWIFT_ASSET_SYMBOL_EXTENSIONS = YES;
				CLANG_ANALYZER_NONNULL = YES;
				CLANG_ANALYZER_NUMBER_OBJECT_CONVERSION = YES_AGGRESSIVE;
				CLANG_CXX_LANGUAGE_STANDARD = "gnu++20";
				CLANG_ENABLE_MODULES = YES;
				CLANG_ENABLE_OBJC_ARC = YES;
				CLANG_ENABLE_OBJC_WEAK = YES;
				CLANG_WARN_BLOCK_CAPTURE_AUTORELEASING = YES;
				CLANG_WARN_BOOL_CONVERSION = YES;
				CLANG_WARN_COMMA = YES;
				CLANG_WARN_CONSTANT_CONVERSION = YES;
				CLANG_WARN_DEPRECATED_OBJC_IMPLEMENTATIONS = YES;
				CLANG_WARN_DIRECT_OBJC_ISA_USAGE = YES_ERROR;
				CLANG_WARN_DOCUMENTATION_COMMENTS = YES;
				CLANG_WARN_EMPTY_BODY = YES;
				CLANG_WARN_ENUM_CONVERSION = YES;
				CLANG_WARN_INFINITE_RECURSION = YES;
				CLANG_WARN_INT_CONVERSION = YES;
				CLANG_WARN_NON_LITERAL_NULL_CONVERSION = YES;
				CLANG_WARN_OBJC_IMPLICIT_RETAIN_SELF = YES;
				CLANG_WARN_OBJC_LITERAL_CONVERSION = YES;
				CLANG_WARN_OBJC_ROOT_CLASS = YES_ERROR;
				CLANG_WARN_QUOTED_INCLUDE_IN_FRAMEWORK_HEADER = YES;
				CLANG_WARN_RANGE_LOOP_ANALYSIS = YES;
				CLANG_WARN_STRICT_PROTOTYPES = YES;
				CLANG_WARN_SUSPICIOUS_MOVE = YES;
				CLANG_WARN_UNGUARDED_AVAILABILITY = YES_AGGRESSIVE;
				CLANG_WARN_UNREACHABLE_CODE = YES;
				CLANG_WARN__DUPLICATE_METHOD_MATCH = YES;
				COPY_PHASE_STRIP = NO;
				DEBUG_INFORMATION_FORMAT = dwarf;
				DEVELOPMENT_TEAM = 3U354995Q8;
				ENABLE_STRICT_OBJC_MSGSEND = YES;
				ENABLE_TESTABILITY = YES;
				ENABLE_USER_SCRIPT_SANDBOXING = YES;
				GCC_C_LANGUAGE_STANDARD = gnu17;
				GCC_DYNAMIC_NO_PIC = NO;
				GCC_NO_COMMON_BLOCKS = YES;
				GCC_OPTIMIZATION_LEVEL = 0;
				GCC_PREPROCESSOR_DEFINITIONS = (
					"DEBUG=1",
					"$(inherited)",
				);
				GCC_WARN_64_TO_32_BIT_CONVERSION = YES;
				GCC_WARN_ABOUT_RETURN_TYPE = YES_ERROR;
				GCC_WARN_UNDECLARED_SELECTOR = YES;
				GCC_WARN_UNINITIALIZED_AUTOS = YES_AGGRESSIVE;
				GCC_WARN_UNUSED_FUNCTION = YES;
				GCC_WARN_UNUSED_VARIABLE = YES;
				IPHONEOS_DEPLOYMENT_TARGET = 26.1;
				LOCALIZATION_PREFERS_STRING_CATALOGS = YES;
				MTL_ENABLE_DEBUG_INFO = INCLUDE_SOURCE;
				MTL_FAST_MATH = YES;
				ONLY_ACTIVE_ARCH = YES;
				SDKROOT = iphoneos;
				SWIFT_ACTIVE_COMPILATION_CONDITIONS = "DEBUG $(inherited)";
				SWIFT_OPTIMIZATION_LEVEL = "-Onone";
			};
			name = Debug;
		};
		6445A8722EE4A952002BBEBE /* Release */ = {
			isa = XCBuildConfiguration;
			buildSettings = {
				ALWAYS_SEARCH_USER_PATHS = NO;
				ASSETCATALOG_COMPILER_GENERATE_SWIFT_ASSET_SYMBOL_EXTENSIONS = YES;
				CLANG_ANALYZER_NONNULL = YES;
				CLANG_ANALYZER_NUMBER_OBJECT_CONVERSION = YES_AGGRESSIVE;
				CLANG_CXX_LANGUAGE_STANDARD = "gnu++20";
				CLANG_ENABLE_MODULES = YES;
				CLANG_ENABLE_OBJC_ARC = YES;
				CLANG_ENABLE_OBJC_WEAK = YES;
				CLANG_WARN_BLOCK_CAPTURE_AUTORELEASING = YES;
				CLANG_WARN_BOOL_CONVERSION = YES;
				CLANG_WARN_COMMA = YES;
				CLANG_WARN_CONSTANT_CONVERSION = YES;
				CLANG_WARN_DEPRECATED_OBJC_IMPLEMENTATIONS = YES;
				CLANG_WARN_DIRECT_OBJC_ISA_USAGE = YES_ERROR;
				CLANG_WARN_DOCUMENTATION_COMMENTS = YES;
				CLANG_WARN_EMPTY_BODY = YES;
				CLANG_WARN_ENUM_CONVERSION = YES;
				CLANG_WARN_INFINITE_RECURSION = YES;
				CLANG_WARN_INT_CONVERSION = YES;
				CLANG_WARN_NON_LITERAL_NULL_CONVERSION = YES;
				CLANG_WARN_OBJC_IMPLICIT_RETAIN_SELF = YES;
				CLANG_WARN_OBJC_LITERAL_CONVERSION = YES;
				CLANG_WARN_OBJC_ROOT_CLASS = YES_ERROR;
				CLANG_WARN_QUOTED_INCLUDE_IN_FRAMEWORK_HEADER = YES;
				CLANG_WARN_RANGE_LOOP_ANALYSIS = YES;
				CLANG_WARN_STRICT_PROTOTYPES = YES;
				CLANG_WARN_SUSPICIOUS_MOVE = YES;
				CLANG_WARN_UNGUARDED_AVAILABILITY = YES_AGGRESSIVE;
				CLANG_WARN_UNREACHABLE_CODE = YES;
				CLANG_WARN__DUPLICATE_METHOD_MATCH = YES;
				COPY_PHASE_STRIP = NO;
				DEBUG_INFORMATION_FORMAT = "dwarf-with-dsym";
				DEVELOPMENT_TEAM = 3U354995Q8;
				ENABLE_NS_ASSERTIONS = NO;
				ENABLE_STRICT_OBJC_MSGSEND = YES;
				ENABLE_USER_SCRIPT_SANDBOXING = YES;
				GCC_C_LANGUAGE_STANDARD = gnu17;
				GCC_NO_COMMON_BLOCKS = YES;
				GCC_WARN_64_TO_32_BIT_CONVERSION = YES;
				GCC_WARN_ABOUT_RETURN_TYPE = YES_ERROR;
				GCC_WARN_UNDECLARED_SELECTOR = YES;
				GCC_WARN_UNINITIALIZED_AUTOS = YES_AGGRESSIVE;
				GCC_WARN_UNUSED_FUNCTION = YES;
				GCC_WARN_UNUSED_VARIABLE = YES;
				IPHONEOS_DEPLOYMENT_TARGET = 26.1;
				LOCALIZATION_PREFERS_STRING_CATALOGS = YES;
				MTL_ENABLE_DEBUG_INFO = NO;
				MTL_FAST_MATH = YES;
				SDKROOT = iphoneos;
				SWIFT_COMPILATION_MODE = wholemodule;
				VALIDATE_PRODUCT = YES;
			};
			name = Release;
		};
		6445A8742EE4A953002BBEBE /* Debug */ = {
			isa = XCBuildConfiguration;
			buildSettings = {
				ASSETCATALOG_COMPILER_APPICON_NAME = AppIcon;
				ASSETCATALOG_COMPILER_GLOBAL_ACCENT_COLOR_NAME = AccentColor;
				CODE_SIGN_STYLE = Automatic;
				CURRENT_PROJECT_VERSION = 1;
				DEVELOPMENT_TEAM = 3U354995Q8;
				ENABLE_PREVIEWS = YES;
				GENERATE_INFOPLIST_FILE = YES;
				INFOPLIST_KEY_CFBundleDisplayName = "Kiddo Play";
				INFOPLIST_KEY_UIApplicationSceneManifest_Generation = YES;
				INFOPLIST_KEY_UIApplicationSupportsIndirectInputEvents = YES;
				INFOPLIST_KEY_UILaunchScreen_Generation = YES;
				INFOPLIST_KEY_UISupportedInterfaceOrientations_iPad = "UIInterfaceOrientationPortrait UIInterfaceOrientationPortraitUpsideDown UIInterfaceOrientationLandscapeLeft UIInterfaceOrientationLandscapeRight";
				INFOPLIST_KEY_UISupportedInterfaceOrientations_iPhone = "UIInterfaceOrientationPortrait UIInterfaceOrientationLandscapeLeft UIInterfaceOrientationLandscapeRight";
				LD_RUNPATH_SEARCH_PATHS = (
					"$(inherited)",
					"@executable_path/Frameworks",
				);
				MARKETING_VERSION = 1.0;
				PRODUCT_BUNDLE_IDENTIFIER = com.app.KiddoPlay;
				PRODUCT_NAME = "$(TARGET_NAME)";
				STRING_CATALOG_GENERATE_SYMBOLS = YES;
				SWIFT_APPROACHABLE_CONCURRENCY = YES;
				SWIFT_DEFAULT_ACTOR_ISOLATION = MainActor;
				SWIFT_EMIT_LOC_STRINGS = YES;
				SWIFT_UPCOMING_FEATURE_MEMBER_IMPORT_VISIBILITY = YES;
				SWIFT_VERSION = 5.0;
				TARGETED_DEVICE_FAMILY = "1,2";
			};
			name = Debug;
		};
		6445A8752EE4A953002BBEBE /* Release */ = {
			isa = XCBuildConfiguration;
			buildSettings = {
				ASSETCATALOG_COMPILER_APPICON_NAME = AppIcon;
				ASSETCATALOG_COMPILER_GLOBAL_ACCENT_COLOR_NAME = AccentColor;
				CODE_SIGN_STYLE = Automatic;
				CURRENT_PROJECT_VERSION = 1;
				DEVELOPMENT_TEAM = 3U354995Q8;
				ENABLE_PREVIEWS = YES;
				GENERATE_INFOPLIST_FILE = YES;
				INFOPLIST_KEY_CFBundleDisplayName = "Kiddo Play";
				INFOPLIST_KEY_UIApplicationSceneManifest_Generation = YES;
				INFOPLIST_KEY_UIApplicationSupportsIndirectInputEvents = YES;
				INFOPLIST_KEY_UILaunchScreen_Generation = YES;
				INFOPLIST_KEY_UISupportedInterfaceOrientations_iPad = "UIInterfaceOrientationPortrait UIInterfaceOrientationPortraitUpsideDown UIInterfaceOrientationLandscapeLeft UIInterfaceOrientationLandscapeRight";
				INFOPLIST_KEY_UISupportedInterfaceOrientations_iPhone = "UIInterfaceOrientationPortrait UIInterfaceOrientationLandscapeLeft UIInterfaceOrientationLandscapeRight";
				LD_RUNPATH_SEARCH_PATHS = (
					"$(inherited)",
					"@executable_path/Frameworks",
				);
				MARKETING_VERSION = 1.0;
				PRODUCT_BUNDLE_IDENTIFIER = com.app.KiddoPlay;
				PRODUCT_NAME = "$(TARGET_NAME)";
				STRING_CATALOG_GENERATE_SYMBOLS = YES;
				SWIFT_APPROACHABLE_CONCURRENCY = YES;
				SWIFT_DEFAULT_ACTOR_ISOLATION = MainActor;
				SWIFT_EMIT_LOC_STRINGS = YES;
				SWIFT_UPCOMING_FEATURE_MEMBER_IMPORT_VISIBILITY = YES;
				SWIFT_VERSION = 5.0;
				TARGETED_DEVICE_FAMILY = "1,2";
			};
			name = Release;
		};
		6445A8772EE4A953002BBEBE /* Debug */ = {
			isa = XCBuildConfiguration;
			buildSettings = {
				BUNDLE_LOADER = "$(TEST_HOST)";
				CODE_SIGN_STYLE = Automatic;
				CURRENT_PROJECT_VERSION = 1;
				DEVELOPMENT_TEAM = 3U354995Q8;
				GENERATE_INFOPLIST_FILE = YES;
				IPHONEOS_DEPLOYMENT_TARGET = 26.1;
				MARKETING_VERSION = 1.0;
				PRODUCT_BUNDLE_IDENTIFIER = com.app.KiddoPlayTests;
				PRODUCT_NAME = "$(TARGET_NAME)";
				STRING_CATALOG_GENERATE_SYMBOLS = NO;
				SWIFT_APPROACHABLE_CONCURRENCY = YES;
				SWIFT_EMIT_LOC_STRINGS = NO;
				SWIFT_UPCOMING_FEATURE_MEMBER_IMPORT_VISIBILITY = YES;
				SWIFT_VERSION = 5.0;
				TARGETED_DEVICE_FAMILY = "1,2";
				TEST_HOST = "$(BUILT_PRODUCTS_DIR)/KiddoPlay.app/$(BUNDLE_EXECUTABLE_FOLDER_PATH)/KiddoPlay";
			};
			name = Debug;
		};
		6445A8782EE4A953002BBEBE /* Release */ = {
			isa = XCBuildConfiguration;
			buildSettings = {
				BUNDLE_LOADER = "$(TEST_HOST)";
				CODE_SIGN_STYLE = Automatic;
				CURRENT_PROJECT_VERSION = 1;
				DEVELOPMENT_TEAM = 3U354995Q8;
				GENERATE_INFOPLIST_FILE = YES;
				IPHONEOS_DEPLOYMENT_TARGET = 26.1;
				MARKETING_VERSION = 1.0;
				PRODUCT_BUNDLE_IDENTIFIER = com.app.KiddoPlayTests;
				PRODUCT_NAME = "$(TARGET_NAME)";
				STRING_CATALOG_GENERATE_SYMBOLS = NO;
				SWIFT_APPROACHABLE_CONCURRENCY = YES;
				SWIFT_EMIT_LOC_STRINGS = NO;
				SWIFT_UPCOMING_FEATURE_MEMBER_IMPORT_VISIBILITY = YES;
				SWIFT_VERSION = 5.0;
				TARGETED_DEVICE_FAMILY = "1,2";
				TEST_HOST = "$(BUILT_PRODUCTS_DIR)/KiddoPlay.app/$(BUNDLE_EXECUTABLE_FOLDER_PATH)/KiddoPlay";
			};
			name = Release;
		};
		6445A87A2EE4A953002BBEBE /* Debug */ = {
			isa = XCBuildConfiguration;
			buildSettings = {
				CODE_SIGN_STYLE = Automatic;
				CURRENT_PROJECT_VERSION = 1;
				DEVELOPMENT_TEAM = 3U354995Q8;
				GENERATE_INFOPLIST_FILE = YES;
				MARKETING_VERSION = 1.0;
				PRODUCT_BUNDLE_IDENTIFIER = com.app.KiddoPlayUITests;
				PRODUCT_NAME = "$(TARGET_NAME)";
				STRING_CATALOG_GENERATE_SYMBOLS = NO;
				SWIFT_APPROACHABLE_CONCURRENCY = YES;
				SWIFT_EMIT_LOC_STRINGS = NO;
				SWIFT_UPCOMING_FEATURE_MEMBER_IMPORT_VISIBILITY = YES;
				SWIFT_VERSION = 5.0;
				TARGETED_DEVICE_FAMILY = "1,2";
				TEST_TARGET_NAME = KiddoPlay;
			};
			name = Debug;
		};
		6445A87B2EE4A953002BBEBE /* Release */ = {
			isa = XCBuildConfiguration;
			buildSettings = {
				CODE_SIGN_STYLE = Automatic;
				CURRENT_PROJECT_VERSION = 1;
				DEVELOPMENT_TEAM = 3U354995Q8;
				GENERATE_INFOPLIST_FILE = YES;
				MARKETING_VERSION = 1.0;
				PRODUCT_BUNDLE_IDENTIFIER = com.app.KiddoPlayUITests;
				PRODUCT_NAME = "$(TARGET_NAME)";
				STRING_CATALOG_GENERATE_SYMBOLS = NO;
				SWIFT_APPROACHABLE_CONCURRENCY = YES;
				SWIFT_EMIT_LOC_STRINGS = NO;
				SWIFT_UPCOMING_FEATURE_MEMBER_IMPORT_VISIBILITY = YES;
				SWIFT_VERSION = 5.0;
				TARGETED_DEVICE_FAMILY = "1,2";
				TEST_TARGET_NAME = KiddoPlay;
			};
			name = Release;
		};
/* End XCBuildConfiguration section */

/* Begin XCConfigurationList section */
		6445A84D2EE4A94E002BBEBE /* Build configuration list for PBXProject "KiddoPlay" */ = {
			isa = XCConfigurationList;
			buildConfigurations = (
				6445A8712EE4A952002BBEBE /* Debug */,
				6445A8722EE4A952002BBEBE /* Release */,
			);
			defaultConfigurationIsVisible = 0;
			defaultConfigurationName = Release;
		};
		6445A8732EE4A953002BBEBE /* Build configuration list for PBXNativeTarget "KiddoPlay" */ = {
			isa = XCConfigurationList;
			buildConfigurations = (
				6445A8742EE4A953002BBEBE /* Debug */,
				6445A8752EE4A953002BBEBE /* Release */,
			);
			defaultConfigurationIsVisible = 0;
			defaultConfigurationName = Release;
		};
		6445A8762EE4A953002BBEBE /* Build configuration list for PBXNativeTarget "KiddoPlayTests" */ = {
			isa = XCConfigurationList;
			buildConfigurations = (
				6445A8772EE4A953002BBEBE /* Debug */,
				6445A8782EE4A953002BBEBE /* Release */,
			);
			defaultConfigurationIsVisible = 0;
			defaultConfigurationName = Release;
		};
		6445A8792EE4A953002BBEBE /* Build configuration list for PBXNativeTarget "KiddoPlayUITests" */ = {
			isa = XCConfigurationList;
			buildConfigurations = (
				6445A87A2EE4A953002BBEBE /* Debug */,
				6445A87B2EE4A953002BBEBE /* Release */,
			);
			defaultConfigurationIsVisible = 0;
			defaultConfigurationName = Release;
		};
/* End XCConfigurationList section */

/* Begin XCRemoteSwiftPackageReference section */
		64848D2A2F02DEC00083A5FA /* XCRemoteSwiftPackageReference "firebase-ios-sdk" */ = {
			isa = XCRemoteSwiftPackageReference;
			repositoryURL = "https://github.com/firebase/firebase-ios-sdk.git";
			requirement = {
				kind = upToNextMajorVersion;
				minimumVersion = 12.7.0;
			};
		};
/* End XCRemoteSwiftPackageReference section */

/* Begin XCSwiftPackageProductDependency section */
		64848D662F02FCB00083A5FA /* FirebaseAI */ = {
			isa = XCSwiftPackageProductDependency;
			package = 64848D2A2F02DEC00083A5FA /* XCRemoteSwiftPackageReference "firebase-ios-sdk" */;
			productName = FirebaseAI;
		};
		64848D682F02FCB00083A5FA /* FirebaseAILogic */ = {
			isa = XCSwiftPackageProductDependency;
			package = 64848D2A2F02DEC00083A5FA /* XCRemoteSwiftPackageReference "firebase-ios-sdk" */;
			productName = FirebaseAILogic;
		};
		64848D6A2F02FCB00083A5FA /* FirebaseAnalytics */ = {
			isa = XCSwiftPackageProductDependency;
			package = 64848D2A2F02DEC00083A5FA /* XCRemoteSwiftPackageReference "firebase-ios-sdk" */;
			productName = FirebaseAnalytics;
		};
		64848D6C2F02FCB00083A5FA /* FirebaseAnalyticsCore */ = {
			isa = XCSwiftPackageProductDependency;
			package = 64848D2A2F02DEC00083A5FA /* XCRemoteSwiftPackageReference "firebase-ios-sdk" */;
			productName = FirebaseAnalyticsCore;
		};
		64848D6E2F02FCB00083A5FA /* FirebaseAnalyticsIdentitySupport */ = {
			isa = XCSwiftPackageProductDependency;
			package = 64848D2A2F02DEC00083A5FA /* XCRemoteSwiftPackageReference "firebase-ios-sdk" */;
			productName = FirebaseAnalyticsIdentitySupport;
		};
		64848D702F02FCB00083A5FA /* FirebaseAppCheck */ = {
			isa = XCSwiftPackageProductDependency;
			package = 64848D2A2F02DEC00083A5FA /* XCRemoteSwiftPackageReference "firebase-ios-sdk" */;
			productName = FirebaseAppCheck;
		};
		64848D722F02FCB00083A5FA /* FirebaseAppDistribution-Beta */ = {
			isa = XCSwiftPackageProductDependency;
			package = 64848D2A2F02DEC00083A5FA /* XCRemoteSwiftPackageReference "firebase-ios-sdk" */;
			productName = "FirebaseAppDistribution-Beta";
		};
		64848D742F02FCB10083A5FA /* FirebaseAuth */ = {
			isa = XCSwiftPackageProductDependency;
			package = 64848D2A2F02DEC00083A5FA /* XCRemoteSwiftPackageReference "firebase-ios-sdk" */;
			productName = FirebaseAuth;
		};
		64848D762F02FCB10083A5FA /* FirebaseAuthCombine-Community */ = {
			isa = XCSwiftPackageProductDependency;
			package = 64848D2A2F02DEC00083A5FA /* XCRemoteSwiftPackageReference "firebase-ios-sdk" */;
			productName = "FirebaseAuthCombine-Community";
		};
		64848D782F02FCB10083A5FA /* FirebaseCore */ = {
			isa = XCSwiftPackageProductDependency;
			package = 64848D2A2F02DEC00083A5FA /* XCRemoteSwiftPackageReference "firebase-ios-sdk" */;
			productName = FirebaseCore;
		};
		64848D7A2F02FCB10083A5FA /* FirebaseCrashlytics */ = {
			isa = XCSwiftPackageProductDependency;
			package = 64848D2A2F02DEC00083A5FA /* XCRemoteSwiftPackageReference "firebase-ios-sdk" */;
			productName = FirebaseCrashlytics;
		};
		64848D7C2F02FCB10083A5FA /* FirebaseDatabase */ = {
			isa = XCSwiftPackageProductDependency;
			package = 64848D2A2F02DEC00083A5FA /* XCRemoteSwiftPackageReference "firebase-ios-sdk" */;
			productName = FirebaseDatabase;
		};
		64848D7E2F02FCB10083A5FA /* FirebaseFirestore */ = {
			isa = XCSwiftPackageProductDependency;
			package = 64848D2A2F02DEC00083A5FA /* XCRemoteSwiftPackageReference "firebase-ios-sdk" */;
			productName = FirebaseFirestore;
		};
		64848D802F02FCB10083A5FA /* FirebaseFirestoreCombine-Community */ = {
			isa = XCSwiftPackageProductDependency;
			package = 64848D2A2F02DEC00083A5FA /* XCRemoteSwiftPackageReference "firebase-ios-sdk" */;
			productName = "FirebaseFirestoreCombine-Community";
		};
		64848D822F02FCB10083A5FA /* FirebaseFunctions */ = {
			isa = XCSwiftPackageProductDependency;
			package = 64848D2A2F02DEC00083A5FA /* XCRemoteSwiftPackageReference "firebase-ios-sdk" */;
			productName = FirebaseFunctions;
		};
		64848D842F02FCB10083A5FA /* FirebaseFunctionsCombine-Community */ = {
			isa = XCSwiftPackageProductDependency;
			package = 64848D2A2F02DEC00083A5FA /* XCRemoteSwiftPackageReference "firebase-ios-sdk" */;
			productName = "FirebaseFunctionsCombine-Community";
		};
		64848D862F02FCB10083A5FA /* FirebaseInAppMessaging-Beta */ = {
			isa = XCSwiftPackageProductDependency;
			package = 64848D2A2F02DEC00083A5FA /* XCRemoteSwiftPackageReference "firebase-ios-sdk" */;
			productName = "FirebaseInAppMessaging-Beta";
		};
		64848D882F02FCB10083A5FA /* FirebaseInstallations */ = {
			isa = XCSwiftPackageProductDependency;
			package = 64848D2A2F02DEC00083A5FA /* XCRemoteSwiftPackageReference "firebase-ios-sdk" */;
			productName = FirebaseInstallations;
		};
		64848D8A2F02FCB10083A5FA /* FirebaseMessaging */ = {
			isa = XCSwiftPackageProductDependency;
			package = 64848D2A2F02DEC00083A5FA /* XCRemoteSwiftPackageReference "firebase-ios-sdk" */;
			productName = FirebaseMessaging;
		};
		64848D8C2F02FCB10083A5FA /* FirebaseMLModelDownloader */ = {
			isa = XCSwiftPackageProductDependency;
			package = 64848D2A2F02DEC00083A5FA /* XCRemoteSwiftPackageReference "firebase-ios-sdk" */;
			productName = FirebaseMLModelDownloader;
		};
		64848D8E2F02FCB10083A5FA /* FirebasePerformance */ = {
			isa = XCSwiftPackageProductDependency;
			package = 64848D2A2F02DEC00083A5FA /* XCRemoteSwiftPackageReference "firebase-ios-sdk" */;
			productName = FirebasePerformance;
		};
		64848D902F02FCB10083A5FA /* FirebaseRemoteConfig */ = {
			isa = XCSwiftPackageProductDependency;
			package = 64848D2A2F02DEC00083A5FA /* XCRemoteSwiftPackageReference "firebase-ios-sdk" */;
			productName = FirebaseRemoteConfig;
		};
		64848D922F02FCB10083A5FA /* FirebaseStorage */ = {
			isa = XCSwiftPackageProductDependency;
			package = 64848D2A2F02DEC00083A5FA /* XCRemoteSwiftPackageReference "firebase-ios-sdk" */;
			productName = FirebaseStorage;
		};
		64848D942F02FCB10083A5FA /* FirebaseStorageCombine-Community */ = {
			isa = XCSwiftPackageProductDependency;
			package = 64848D2A2F02DEC00083A5FA /* XCRemoteSwiftPackageReference "firebase-ios-sdk" */;
			productName = "FirebaseStorageCombine-Community";
		};
/* End XCSwiftPackageProductDependency section */
	};
	rootObject = 6445A84A2EE4A94E002BBEBE /* Project object */;
}
